// !$*UTF8*$!
{
	archiveVersion = 1;
	classes = {
	};
	objectVersion = 46;
	objects = {

/* Begin PBXContainerItemProxy section */
		3BB073EA1C77E8A900C84342 /* PBXContainerItemProxy */ = {
			isa = PBXContainerItemProxy;
			containerPortal = 3BB073CD1C77E8A900C84342 /* Project object */;
			proxyType = 1;
			remoteGlobalIDString = 3BB073D41C77E8A900C84342;
			remoteInfo = "Velocímetro";
		};
		3BB073F51C77E8A900C84342 /* PBXContainerItemProxy */ = {
			isa = PBXContainerItemProxy;
			containerPortal = 3BB073CD1C77E8A900C84342 /* Project object */;
			proxyType = 1;
			remoteGlobalIDString = 3BB073D41C77E8A900C84342;
			remoteInfo = "Velocímetro";
		};
/* End PBXContainerItemProxy section */

/* Begin PBXFileReference section */
		3B4308581C77EA2E0062F049 /* velocimetro.playground */ = {isa = PBXFileReference; lastKnownFileType = file.playground; path = velocimetro.playground; sourceTree = "<group>"; };
		3BB073D51C77E8A900C84342 /* Velocimetro.app */ = {isa = PBXFileReference; explicitFileType = wrapper.application; includeInIndex = 0; name = Velocimetro.app; path = "/Users/dev04/Cursos/Swift/Velocímetro/build/Debug-iphoneos/Velocimetro.app"; sourceTree = "<absolute>"; };
		3BB073E91C77E8A900C84342 /* Velocimetro.xctest */ = {isa = PBXFileReference; explicitFileType = wrapper.cfbundle; includeInIndex = 0; name = Velocimetro.xctest; path = "/Users/dev04/Cursos/Swift/Velocímetro/build/Debug-iphoneos/Velocimetro.xctest"; sourceTree = "<absolute>"; };
		3BB073F41C77E8A900C84342 /* Velocimetro.xctest */ = {isa = PBXFileReference; explicitFileType = wrapper.cfbundle; includeInIndex = 0; name = Velocimetro.xctest; path = "/Users/dev04/Cursos/Swift/Velocímetro/build/Debug-iphoneos/Velocimetro.xctest"; sourceTree = "<absolute>"; };
/* End PBXFileReference section */

/* Begin PBXFrameworksBuildPhase section */
		3BB073D21C77E8A900C84342 /* Frameworks */ = {
			isa = PBXFrameworksBuildPhase;
			buildActionMask = 2147483647;
			files = (
			);
			runOnlyForDeploymentPostprocessing = 0;
		};
		3BB073E61C77E8A900C84342 /* Frameworks */ = {
			isa = PBXFrameworksBuildPhase;
			buildActionMask = 2147483647;
			files = (
			);
			runOnlyForDeploymentPostprocessing = 0;
		};
		3BB073F11C77E8A900C84342 /* Frameworks */ = {
			isa = PBXFrameworksBuildPhase;
			buildActionMask = 2147483647;
			files = (
			);
			runOnlyForDeploymentPostprocessing = 0;
		};
/* End PBXFrameworksBuildPhase section */

/* Begin PBXGroup section */
		3BB073CC1C77E8A900C84342 = {
			isa = PBXGroup;
			children = (
				3B4308581C77EA2E0062F049 /* velocimetro.playground */,
			);
			sourceTree = "<group>";
		};
/* End PBXGroup section */

/* Begin PBXNativeTarget section */
		3BB073D41C77E8A900C84342 /* Velocimetro */ = {
			isa = PBXNativeTarget;
			buildConfigurationList = 3BB073FD1C77E8A900C84342 /* Build configuration list for PBXNativeTarget "Velocimetro" */;
			buildPhases = (
				3BB073D11C77E8A900C84342 /* Sources */,
				3BB073D21C77E8A900C84342 /* Frameworks */,
				3BB073D31C77E8A900C84342 /* Resources */,
			);
			buildRules = (
			);
			dependencies = (
			);
			name = Velocimetro;
			productName = "Velocímetro";
			productReference = 3BB073D51C77E8A900C84342 /* Velocimetro.app */;
			productType = "com.apple.product-type.application";
		};
		3BB073E81C77E8A900C84342 /* VelocimetroTests */ = {
			isa = PBXNativeTarget;
			buildConfigurationList = 3BB074001C77E8A900C84342 /* Build configuration list for PBXNativeTarget "VelocimetroTests" */;
			buildPhases = (
				3BB073E51C77E8A900C84342 /* Sources */,
				3BB073E61C77E8A900C84342 /* Frameworks */,
				3BB073E71C77E8A900C84342 /* Resources */,
			);
			buildRules = (
			);
			dependencies = (
				3BB073EB1C77E8A900C84342 /* PBXTargetDependency */,
			);
			name = VelocimetroTests;
			productName = "VelocímetroTests";
			productReference = 3BB073E91C77E8A900C84342 /* Velocimetro.xctest */;
			productType = "com.apple.product-type.bundle.unit-test";
		};
		3BB073F31C77E8A900C84342 /* VelocimetroUITests */ = {
			isa = PBXNativeTarget;
			buildConfigurationList = 3BB074031C77E8A900C84342 /* Build configuration list for PBXNativeTarget "VelocimetroUITests" */;
			buildPhases = (
				3BB073F01C77E8A900C84342 /* Sources */,
				3BB073F11C77E8A900C84342 /* Frameworks */,
				3BB073F21C77E8A900C84342 /* Resources */,
			);
			buildRules = (
			);
			dependencies = (
				3BB073F61C77E8A900C84342 /* PBXTargetDependency */,
			);
			name = VelocimetroUITests;
			productName = "VelocímetroUITests";
			productReference = 3BB073F41C77E8A900C84342 /* Velocimetro.xctest */;
			productType = "com.apple.product-type.bundle.ui-testing";
		};
/* End PBXNativeTarget section */

/* Begin PBXProject section */
		3BB073CD1C77E8A900C84342 /* Project object */ = {
			isa = PBXProject;
			attributes = {
				LastSwiftUpdateCheck = 0710;
				LastUpgradeCheck = 0710;
				ORGANIZATIONNAME = "toracom Desarrollador Cuatro";
				TargetAttributes = {
					3BB073D41C77E8A900C84342 = {
						CreatedOnToolsVersion = 7.1.1;
					};
					3BB073E81C77E8A900C84342 = {
						CreatedOnToolsVersion = 7.1.1;
						TestTargetID = 3BB073D41C77E8A900C84342;
					};
					3BB073F31C77E8A900C84342 = {
						CreatedOnToolsVersion = 7.1.1;
						TestTargetID = 3BB073D41C77E8A900C84342;
					};
				};
			};
			buildConfigurationList = 3BB073D01C77E8A900C84342 /* Build configuration list for PBXProject "Velocimetro" */;
			compatibilityVersion = "Xcode 3.2";
			developmentRegion = English;
			hasScannedForEncodings = 0;
			knownRegions = (
				en,
				Base,
			);
			mainGroup = 3BB073CC1C77E8A900C84342;
			productRefGroup = 3BB073CC1C77E8A900C84342;
			projectDirPath = "";
			projectRoot = "";
			targets = (
				3BB073D41C77E8A900C84342 /* Velocimetro */,
				3BB073E81C77E8A900C84342 /* VelocimetroTests */,
				3BB073F31C77E8A900C84342 /* VelocimetroUITests */,
			);
		};
/* End PBXProject section */

/* Begin PBXResourcesBuildPhase section */
		3BB073D31C77E8A900C84342 /* Resources */ = {
			isa = PBXResourcesBuildPhase;
			buildActionMask = 2147483647;
			files = (
			);
			runOnlyForDeploymentPostprocessing = 0;
		};
		3BB073E71C77E8A900C84342 /* Resources */ = {
			isa = PBXResourcesBuildPhase;
			buildActionMask = 2147483647;
			files = (
			);
			runOnlyForDeploymentPostprocessing = 0;
		};
		3BB073F21C77E8A900C84342 /* Resources */ = {
			isa = PBXResourcesBuildPhase;
			buildActionMask = 2147483647;
			files = (
			);
			runOnlyForDeploymentPostprocessing = 0;
		};
/* End PBXResourcesBuildPhase section */

/* Begin PBXSourcesBuildPhase section */
		3BB073D11C77E8A900C84342 /* Sources */ = {
			isa = PBXSourcesBuildPhase;
			buildActionMask = 2147483647;
			files = (
			);
			runOnlyForDeploymentPostprocessing = 0;
		};
		3BB073E51C77E8A900C84342 /* Sources */ = {
			isa = PBXSourcesBuildPhase;
			buildActionMask = 2147483647;
			files = (
			);
			runOnlyForDeploymentPostprocessing = 0;
		};
		3BB073F01C77E8A900C84342 /* Sources */ = {
			isa = PBXSourcesBuildPhase;
			buildActionMask = 2147483647;
			files = (
			);
			runOnlyForDeploymentPostprocessing = 0;
		};
/* End PBXSourcesBuildPhase section */

/* Begin PBXTargetDependency section */
		3BB073EB1C77E8A900C84342 /* PBXTargetDependency */ = {
			isa = PBXTargetDependency;
			target = 3BB073D41C77E8A900C84342 /* Velocimetro */;
			targetProxy = 3BB073EA1C77E8A900C84342 /* PBXContainerItemProxy */;
		};
		3BB073F61C77E8A900C84342 /* PBXTargetDependency */ = {
			isa = PBXTargetDependency;
			target = 3BB073D41C77E8A900C84342 /* Velocimetro */;
			targetProxy = 3BB073F51C77E8A900C84342 /* PBXContainerItemProxy */;
		};
/* End PBXTargetDependency section */

/* Begin XCBuildConfiguration section */
		3BB073FB1C77E8A900C84342 /* Debug */ = {
			isa = XCBuildConfiguration;
			buildSettings = {
				ALWAYS_SEARCH_USER_PATHS = NO;
				CLANG_CXX_LANGUAGE_STANDARD = "gnu++0x";
				CLANG_CXX_LIBRARY = "libc++";
				CLANG_ENABLE_MODULES = YES;
				CLANG_ENABLE_OBJC_ARC = YES;
				CLANG_WARN_BOOL_CONVERSION = YES;
				CLANG_WARN_CONSTANT_CONVERSION = YES;
				CLANG_WARN_DIRECT_OBJC_ISA_USAGE = YES_ERROR;
				CLANG_WARN_EMPTY_BODY = YES;
				CLANG_WARN_ENUM_CONVERSION = YES;
				CLANG_WARN_INT_CONVERSION = YES;
				CLANG_WARN_OBJC_ROOT_CLASS = YES_ERROR;
				CLANG_WARN_UNREACHABLE_CODE = YES;
				CLANG_WARN__DUPLICATE_METHOD_MATCH = YES;
				"CODE_SIGN_IDENTITY[sdk=iphoneos*]" = "iPhone Developer";
				COPY_PHASE_STRIP = NO;
				DEBUG_INFORMATION_FORMAT = dwarf;
				ENABLE_STRICT_OBJC_MSGSEND = YES;
				ENABLE_TESTABILITY = YES;
				GCC_C_LANGUAGE_STANDARD = gnu99;
				GCC_DYNAMIC_NO_PIC = NO;
				GCC_NO_COMMON_BLOCKS = YES;
				GCC_OPTIMIZATION_LEVEL = 0;
				GCC_PREPROCESSOR_DEFINITIONS = (
					"DEBUG=1",
					"$(inherited)",
				);
				GCC_WARN_64_TO_32_BIT_CONVERSION = YES;
				GCC_WARN_ABOUT_RETURN_TYPE = YES_ERROR;
				GCC_WARN_UNDECLARED_SELECTOR = YES;
				GCC_WARN_UNINITIALIZED_AUTOS = YES_AGGRESSIVE;
				GCC_WARN_UNUSED_FUNCTION = YES;
				GCC_WARN_UNUSED_VARIABLE = YES;
				IPHONEOS_DEPLOYMENT_TARGET = 9.1;
				MTL_ENABLE_DEBUG_INFO = YES;
				ONLY_ACTIVE_ARCH = YES;
				SDKROOT = iphoneos;
				SWIFT_OPTIMIZATION_LEVEL = "-Onone";
			};
			name = Debug;
		};
		3BB073FC1C77E8A900C84342 /* Release */ = {
			isa = XCBuildConfiguration;
			buildSettings = {
				ALWAYS_SEARCH_USER_PATHS = NO;
				CLANG_CXX_LANGUAGE_STANDARD = "gnu++0x";
				CLANG_CXX_LIBRARY = "libc++";
				CLANG_ENABLE_MODULES = YES;
				CLANG_ENABLE_OBJC_ARC = YES;
				CLANG_WARN_BOOL_CONVERSION = YES;
				CLANG_WARN_CONSTANT_CONVERSION = YES;
				CLANG_WARN_DIRECT_OBJC_ISA_USAGE = YES_ERROR;
				CLANG_WARN_EMPTY_BODY = YES;
				CLANG_WARN_ENUM_CONVERSION = YES;
				CLANG_WARN_INT_CONVERSION = YES;
				CLANG_WARN_OBJC_ROOT_CLASS = YES_ERROR;
				CLANG_WARN_UNREACHABLE_CODE = YES;
				CLANG_WARN__DUPLICATE_METHOD_MATCH = YES;
				"CODE_SIGN_IDENTITY[sdk=iphoneos*]" = "iPhone Developer";
				COPY_PHASE_STRIP = NO;
				DEBUG_INFORMATION_FORMAT = "dwarf-with-dsym";
				ENABLE_NS_ASSERTIONS = NO;
				ENABLE_STRICT_OBJC_MSGSEND = YES;
				GCC_C_LANGUAGE_STANDARD = gnu99;
				GCC_NO_COMMON_BLOCKS = YES;
				GCC_WARN_64_TO_32_BIT_CONVERSION = YES;
				GCC_WARN_ABOUT_RETURN_TYPE = YES_ERROR;
				GCC_WARN_UNDECLARED_SELECTOR = YES;
				GCC_WARN_UNINITIALIZED_AUTOS = YES_AGGRESSIVE;
				GCC_WARN_UNUSED_FUNCTION = YES;
				GCC_WARN_UNUSED_VARIABLE = YES;
				IPHONEOS_DEPLOYMENT_TARGET = 9.1;
				MTL_ENABLE_DEBUG_INFO = NO;
				SDKROOT = iphoneos;
				VALIDATE_PRODUCT = YES;
			};
			name = Release;
		};
		3BB073FE1C77E8A900C84342 /* Debug */ = {
			isa = XCBuildConfiguration;
			buildSettings = {
				ASSETCATALOG_COMPILER_APPICON_NAME = AppIcon;
				INFOPLIST_FILE = "Velocímetro/Info.plist";
				LD_RUNPATH_SEARCH_PATHS = "$(inherited) @executable_path/Frameworks";
				PRODUCT_BUNDLE_IDENTIFIER = "christian.Veloci-metro";
				PRODUCT_NAME = Velocimetro;
			};
			name = Debug;
		};
		3BB073FF1C77E8A900C84342 /* Release */ = {
			isa = XCBuildConfiguration;
			buildSettings = {
				ASSETCATALOG_COMPILER_APPICON_NAME = AppIcon;
				INFOPLIST_FILE = "Velocímetro/Info.plist";
				LD_RUNPATH_SEARCH_PATHS = "$(inherited) @executable_path/Frameworks";
				PRODUCT_BUNDLE_IDENTIFIER = "christian.Veloci-metro";
				PRODUCT_NAME = Velocimetro;
			};
			name = Release;
		};
		3BB074011C77E8A900C84342 /* Debug */ = {
			isa = XCBuildConfiguration;
			buildSettings = {
				BUNDLE_LOADER = "$(TEST_HOST)";
				INFOPLIST_FILE = "VelocímetroTests/Info.plist";
				LD_RUNPATH_SEARCH_PATHS = "$(inherited) @executable_path/Frameworks @loader_path/Frameworks";
				PRODUCT_BUNDLE_IDENTIFIER = "christian.Veloci-metroTests";
				PRODUCT_NAME = Velocimetro;
				TEST_HOST = "$(BUILT_PRODUCTS_DIR)/Velocimetro.app/Velocimetro";
			};
			name = Debug;
		};
		3BB074021C77E8A900C84342 /* Release */ = {
			isa = XCBuildConfiguration;
			buildSettings = {
				BUNDLE_LOADER = "$(TEST_HOST)";
				INFOPLIST_FILE = "VelocímetroTests/Info.plist";
				LD_RUNPATH_SEARCH_PATHS = "$(inherited) @executable_path/Frameworks @loader_path/Frameworks";
				PRODUCT_BUNDLE_IDENTIFIER = "christian.Veloci-metroTests";
				PRODUCT_NAME = Velocimetro;
				TEST_HOST = "$(BUILT_PRODUCTS_DIR)/Velocimetro.app/Velocimetro";
			};
			name = Release;
		};
		3BB074041C77E8A900C84342 /* Debug */ = {
			isa = XCBuildConfiguration;
			buildSettings = {
				INFOPLIST_FILE = "VelocímetroUITests/Info.plist";
				LD_RUNPATH_SEARCH_PATHS = "$(inherited) @executable_path/Frameworks @loader_path/Frameworks";
				PRODUCT_BUNDLE_IDENTIFIER = "christian.Veloci-metroUITests";
				PRODUCT_NAME = Velocimetro;
				TEST_TARGET_NAME = "Velocímetro";
				USES_XCTRUNNER = YES;
			};
			name = Debug;
		};
		3BB074051C77E8A900C84342 /* Release */ = {
			isa = XCBuildConfiguration;
			buildSettings = {
				INFOPLIST_FILE = "VelocímetroUITests/Info.plist";
				LD_RUNPATH_SEARCH_PATHS = "$(inherited) @executable_path/Frameworks @loader_path/Frameworks";
				PRODUCT_BUNDLE_IDENTIFIER = "christian.Veloci-metroUITests";
				PRODUCT_NAME = Velocimetro;
				TEST_TARGET_NAME = "Velocímetro";
				USES_XCTRUNNER = YES;
			};
			name = Release;
		};
/* End XCBuildConfiguration section */

/* Begin XCConfigurationList section */
		3BB073D01C77E8A900C84342 /* Build configuration list for PBXProject "Velocimetro" */ = {
			isa = XCConfigurationList;
			buildConfigurations = (
				3BB073FB1C77E8A900C84342 /* Debug */,
				3BB073FC1C77E8A900C84342 /* Release */,
			);
			defaultConfigurationIsVisible = 0;
			defaultConfigurationName = Release;
		};
		3BB073FD1C77E8A900C84342 /* Build configuration list for PBXNativeTarget "Velocimetro" */ = {
			isa = XCConfigurationList;
			buildConfigurations = (
				3BB073FE1C77E8A900C84342 /* Debug */,
				3BB073FF1C77E8A900C84342 /* Release */,
			);
			defaultConfigurationIsVisible = 0;
			defaultConfigurationName = Release;
		};
		3BB074001C77E8A900C84342 /* Build configuration list for PBXNativeTarget "VelocimetroTests" */ = {
			isa = XCConfigurationList;
			buildConfigurations = (
				3BB074011C77E8A900C84342 /* Debug */,
				3BB074021C77E8A900C84342 /* Release */,
			);
			defaultConfigurationIsVisible = 0;
			defaultConfigurationName = Release;
		};
		3BB074031C77E8A900C84342 /* Build configuration list for PBXNativeTarget "VelocimetroUITests" */ = {
			isa = XCConfigurationList;
			buildConfigurations = (
				3BB074041C77E8A900C84342 /* Debug */,
				3BB074051C77E8A900C84342 /* Release */,
			);
			defaultConfigurationIsVisible = 0;
			defaultConfigurationName = Release;
		};
/* End XCConfigurationList section */
	};
	rootObject = 3BB073CD1C77E8A900C84342 /* Project object */;
}
